# This file is automatically @generated by Poetry 2.3.4 and should not be changed by hand.

[[package]]
name = "configparser"
version = "7.2.0"
description = "Updated configparser from stdlib for earlier Pythons."
optional = false
python-versions = ">=3.9"
groups = ["main"]
files = [
    {file = "configparser-7.2.0-py3-none-any.whl", hash = "sha256:fee5e1f3db4156dcd0ed95bc4edfa3580475537711f67a819c966b389d09ce62"},
    {file = "configparser-7.2.0.tar.gz", hash = "sha256:b629cc8ae916e3afbd36d1b3d093f34193d851e11998920fdcfc4552218b7b70"},
]

[package.extras]
check = ["pytest-checkdocs (>=2.4)", "pytest-ruff (>=0.2.1) ; sys_platform != \"cygwin\""]
cover = ["pytest-cov"]
doc = ["furo", "jaraco.packaging (>=9.3)", "jaraco.tidelift (>=1.4)", "rst.linker (>=1.9)", "sphinx (>=3.5)", "sphinx-lint"]
enabler = ["pytest-enabler (>=2.2)"]
test = ["pytest (>=6,!=8.1.*)", "types-backports"]
type = ["pytest-mypy"]

[[package]]
name = "psycopg2"
version = "2.9.11"
description = "psycopg2 - Python-PostgreSQL Database Adapter"
optional = false
python-versions = ">=3.9"
groups = ["main"]
files = [
    {file = "psycopg2-2.9.11-cp310-cp310-win_amd64.whl", hash = "sha256:103e857f46bb76908768ead4e2d0ba1d1a130e7b8ed77d3ae91e8b33481813e8"},
    {file = "psycopg2-2.9.11-cp311-cp311-win_amd64.whl", hash = "sha256:210daed32e18f35e3140a1ebe059ac29209dd96468f2f7559aa59f75ee82a5cb"},
    {file = "psycopg2-2.9.11-cp312-cp312-win_amd64.whl", hash = "sha256:e03e4a6dbe87ff81540b434f2e5dc2bddad10296db5eea7bdc995bf5f4162938"},
    {file = "psycopg2-2.9.11-cp313-cp313-win_amd64.whl", hash = "sha256:8dc379166b5b7d5ea66dcebf433011dfc51a7bb8a5fc12367fa05668e5fc53c8"},
    {file = "psycopg2-2.9.11-cp314-cp314-win_amd64.whl", hash = "sha256:f10a48acba5fe6e312b891f290b4d2ca595fc9a06850fe53320beac353575578"},
    {file = "psycopg2-2.9.11-cp39-cp39-win_amd64.whl", hash = "sha256:6ecddcf573777536bddfefaea8079ce959287798c8f5804bee6933635d538924"},
    {file = "psycopg2-2.9.11.tar.gz", hash = "sha256:964d31caf728e217c697ff77ea69c2ba0865fa41ec20bb00f0977e62fdcc52e3"},
]

[metadata]
lock-version = "2.1"
python-versions = ">=3.10"
content-hash = "b334c3669440567615394f34f0ba9dcabfe699241e82b48ce32d3f96cd7e86cf"
